
Microsoft Visual Studio Solution File, Format Version 12.00
# Visual Studio Version 17
VisualStudioVersion = 17.11.35327.3
MinimumVisualStudioVersion = 10.0.40219.1
Project("{9A19103F-16F7-4668-BE54-9A1E7A4F7556}") = "MusicManagerServer", "MusicManagerServer\MusicManagerServer.csproj", "{AD8FBE99-76B1-4A3A-B05E-C98E38379396}"
EndProject
Project("{9A19103F-16F7-4668-BE54-9A1E7A4F7556}") = "MusicManagerClient", "MusicManagerClient\MusicManagerClient.csproj", "{22704207-E5AA-4BB2-910A-A8ADFB1215F7}"
EndProject
Global
	GlobalSection(SolutionConfigurationPlatforms) = preSolution
		Debug|Any CPU = Debug|Any CPU
		Release|Any CPU = Release|Any CPU
	EndGlobalSection
	GlobalSection(ProjectConfigurationPlatforms) = postSolution
		{AD8FBE99-76B1-4A3A-B05E-C98E38379396}.Debug|Any CPU.ActiveCfg = Debug|Any CPU
		{AD8FBE99-76B1-4A3A-B05E-C98E38379396}.Debug|Any CPU.Build.0 = Debug|Any CPU
		{AD8FBE99-76B1-4A3A-B05E-C98E38379396}.Release|Any CPU.ActiveCfg = Release|Any CPU
		{AD8FBE99-76B1-4A3A-B05E-C98E38379396}.Release|Any CPU.Build.0 = Release|Any CPU
		{22704207-E5AA-4BB2-910A-A8ADFB1215F7}.Debug|Any CPU.ActiveCfg = Debug|Any CPU
		{22704207-E5AA-4BB2-910A-A8ADFB1215F7}.Debug|Any CPU.Build.0 = Debug|Any CPU
		{22704207-E5AA-4BB2-910A-A8ADFB1215F7}.Release|Any CPU.ActiveCfg = Release|Any CPU
		{22704207-E5AA-4BB2-910A-A8ADFB1215F7}.Release|Any CPU.Build.0 = Release|Any CPU
	EndGlobalSection
	GlobalSection(SolutionProperties) = preSolution
		HideSolutionNode = FALSE
	EndGlobalSection
	GlobalSection(ExtensibilityGlobals) = postSolution
		SolutionGuid = {772AD5D1-FCCD-40B7-B9B9-DC4F09DC9C6C}
	EndGlobalSection
EndGlobal
